
Microsoft Visual Studio Solution File, Format Version 12.00
# Visual Studio Version 17
VisualStudioVersion = 17.7.34031.279
MinimumVisualStudioVersion = 10.0.40219.1
Project("{FAE04EC0-301F-11D3-BF4B-00C04F79EFBC}") = "MauiSandbox", "MauiSandbox\MauiSandbox.csproj", "{07CEB166-0115-430E-8204-BBE7A23F28A7}"
EndProject
Global
	GlobalSection(SolutionConfigurationPlatforms) = preSolution
		Debug|Any CPU = Debug|Any CPU
		Release|Any CPU = Release|Any CPU
	EndGlobalSection
	GlobalSection(ProjectConfigurationPlatforms) = postSolution
		{07CEB166-0115-430E-8204-BBE7A23F28A7}.Debug|Any CPU.ActiveCfg = Debug|Any CPU
		{07CEB166-0115-430E-8204-BBE7A23F28A7}.Debug|Any CPU.Build.0 = Debug|Any CPU
		{07CEB166-0115-430E-8204-BBE7A23F28A7}.Debug|Any CPU.Deploy.0 = Debug|Any CPU
		{07CEB166-0115-430E-8204-BBE7A23F28A7}.Release|Any CPU.ActiveCfg = Release|Any CPU
		{07CEB166-0115-430E-8204-BBE7A23F28A7}.Release|Any CPU.Build.0 = Release|Any CPU
		{07CEB166-0115-430E-8204-BBE7A23F28A7}.Release|Any CPU.Deploy.0 = Release|Any CPU
	EndGlobalSection
	GlobalSection(SolutionProperties) = preSolution
		HideSolutionNode = FALSE
	EndGlobalSection
	GlobalSection(ExtensibilityGlobals) = postSolution
		SolutionGuid = {C7DFDCAA-9E12-44F2-8DDA-C4C703B6A012}
	EndGlobalSection
EndGlobal
